// !$*UTF8*$!
{
	archiveVersion = 1;
	classes = {
	};
	objectVersion = 50;
	objects = {

/* Begin PBXBuildFile section */
		D713AABC95E167F18FA8B6E8 /* libPods-XBBannerViewDemo.a in Frameworks */ = {isa = PBXBuildFile; fileRef = C247281844A0977DE62A4A17 /* libPods-XBBannerViewDemo.a */; };
		DB5E394E52470DBB10D50BFD /* libPods-XBBannerViewDemoUITests.a in Frameworks */ = {isa = PBXBuildFile; fileRef = 778803BC25109802B68ED948 /* libPods-XBBannerViewDemoUITests.a */; };
		ECF199234A591638D3873AFA /* libPods-XBBannerViewDemoTests.a in Frameworks */ = {isa = PBXBuildFile; fileRef = B3252E2D2F7E44CC7F4CA43A /* libPods-XBBannerViewDemoTests.a */; };
		F171387A22D722DF00CA0A7E /* AppDelegate.m in Sources */ = {isa = PBXBuildFile; fileRef = F171387922D722DF00CA0A7E /* AppDelegate.m */; };
		F171387D22D722DF00CA0A7E /* ViewController.m in Sources */ = {isa = PBXBuildFile; fileRef = F171387C22D722DF00CA0A7E /* ViewController.m */; };
		F171388022D722DF00CA0A7E /* Main.storyboard in Resources */ = {isa = PBXBuildFile; fileRef = F171387E22D722DF00CA0A7E /* Main.storyboard */; };
		F171388222D722E000CA0A7E /* Assets.xcassets in Resources */ = {isa = PBXBuildFile; fileRef = F171388122D722E000CA0A7E /* Assets.xcassets */; };
		F171388522D722E000CA0A7E /* LaunchScreen.storyboard in Resources */ = {isa = PBXBuildFile; fileRef = F171388322D722E000CA0A7E /* LaunchScreen.storyboard */; };
		F171388822D722E000CA0A7E /* main.m in Sources */ = {isa = PBXBuildFile; fileRef = F171388722D722E000CA0A7E /* main.m */; };
		F171389222D722E000CA0A7E /* XBBannerViewDemoTests.m in Sources */ = {isa = PBXBuildFile; fileRef = F171389122D722E000CA0A7E /* XBBannerViewDemoTests.m */; };
		F171389D22D722E000CA0A7E /* XBBannerViewDemoUITests.m in Sources */ = {isa = PBXBuildFile; fileRef = F171389C22D722E000CA0A7E /* XBBannerViewDemoUITests.m */; };
		F17138AF22D7233100CA0A7E /* XBBannerViewCell.m in Sources */ = {isa = PBXBuildFile; fileRef = F17138AB22D7233100CA0A7E /* XBBannerViewCell.m */; };
		F17138B022D7233100CA0A7E /* XBBannerView.m in Sources */ = {isa = PBXBuildFile; fileRef = F17138AE22D7233100CA0A7E /* XBBannerView.m */; };
/* End PBXBuildFile section */

/* Begin PBXContainerItemProxy section */
		F171388E22D722E000CA0A7E /* PBXContainerItemProxy */ = {
			isa = PBXContainerItemProxy;
			containerPortal = F171386D22D722DF00CA0A7E /* Project object */;
			proxyType = 1;
			remoteGlobalIDString = F171387422D722DF00CA0A7E;
			remoteInfo = XBBannerViewDemo;
		};
		F171389922D722E000CA0A7E /* PBXContainerItemProxy */ = {
			isa = PBXContainerItemProxy;
			containerPortal = F171386D22D722DF00CA0A7E /* Project object */;
			proxyType = 1;
			remoteGlobalIDString = F171387422D722DF00CA0A7E;
			remoteInfo = XBBannerViewDemo;
		};
/* End PBXContainerItemProxy section */

/* Begin PBXFileReference section */
		20C30948D9185F603A9BB1DD /* Pods-XBBannerViewDemoTests.debug.xcconfig */ = {isa = PBXFileReference; includeInIndex = 1; lastKnownFileType = text.xcconfig; name = "Pods-XBBannerViewDemoTests.debug.xcconfig"; path = "Target Support Files/Pods-XBBannerViewDemoTests/Pods-XBBannerViewDemoTests.debug.xcconfig"; sourceTree = "<group>"; };
		3CE1E3AAEA286D60BE456CB2 /* Pods-XBBannerViewDemo.debug.xcconfig */ = {isa = PBXFileReference; includeInIndex = 1; lastKnownFileType = text.xcconfig; name = "Pods-XBBannerViewDemo.debug.xcconfig"; path = "Target Support Files/Pods-XBBannerViewDemo/Pods-XBBannerViewDemo.debug.xcconfig"; sourceTree = "<group>"; };
		4346D7911D98B7C0FB6D9134 /* Pods-XBBannerViewDemo.release.xcconfig */ = {isa = PBXFileReference; includeInIndex = 1; lastKnownFileType = text.xcconfig; name = "Pods-XBBannerViewDemo.release.xcconfig"; path = "Target Support Files/Pods-XBBannerViewDemo/Pods-XBBannerViewDemo.release.xcconfig"; sourceTree = "<group>"; };
		778803BC25109802B68ED948 /* libPods-XBBannerViewDemoUITests.a */ = {isa = PBXFileReference; explicitFileType = archive.ar; includeInIndex = 0; path = "libPods-XBBannerViewDemoUITests.a"; sourceTree = BUILT_PRODUCTS_DIR; };
		888FE53A5419FA5230BC9BC6 /* Pods-XBBannerViewDemoTests.release.xcconfig */ = {isa = PBXFileReference; includeInIndex = 1; lastKnownFileType = text.xcconfig; name = "Pods-XBBannerViewDemoTests.release.xcconfig"; path = "Target Support Files/Pods-XBBannerViewDemoTests/Pods-XBBannerViewDemoTests.release.xcconfig"; sourceTree = "<group>"; };
		B3252E2D2F7E44CC7F4CA43A /* libPods-XBBannerViewDemoTests.a */ = {isa = PBXFileReference; explicitFileType = archive.ar; includeInIndex = 0; path = "libPods-XBBannerViewDemoTests.a"; sourceTree = BUILT_PRODUCTS_DIR; };
		C247281844A0977DE62A4A17 /* libPods-XBBannerViewDemo.a */ = {isa = PBXFileReference; explicitFileType = archive.ar; includeInIndex = 0; path = "libPods-XBBannerViewDemo.a"; sourceTree = BUILT_PRODUCTS_DIR; };
		D83DC08AF27B1ED76444D59E /* Pods-XBBannerViewDemoUITests.release.xcconfig */ = {isa = PBXFileReference; includeInIndex = 1; lastKnownFileType = text.xcconfig; name = "Pods-XBBannerViewDemoUITests.release.xcconfig"; path = "Target Support Files/Pods-XBBannerViewDemoUITests/Pods-XBBannerViewDemoUITests.release.xcconfig"; sourceTree = "<group>"; };
		EB085E27DF17A6762AE42E06 /* Pods-XBBannerViewDemoUITests.debug.xcconfig */ = {isa = PBXFileReference; includeInIndex = 1; lastKnownFileType = text.xcconfig; name = "Pods-XBBannerViewDemoUITests.debug.xcconfig"; path = "Target Support Files/Pods-XBBannerViewDemoUITests/Pods-XBBannerViewDemoUITests.debug.xcconfig"; sourceTree = "<group>"; };
		F171387522D722DF00CA0A7E /* XBBannerViewDemo.app */ = {isa = PBXFileReference; explicitFileType = wrapper.application; includeInIndex = 0; path = XBBannerViewDemo.app; sourceTree = BUILT_PRODUCTS_DIR; };
		F171387822D722DF00CA0A7E /* AppDelegate.h */ = {isa = PBXFileReference; lastKnownFileType = sourcecode.c.h; path = AppDelegate.h; sourceTree = "<group>"; };
		F171387922D722DF00CA0A7E /* AppDelegate.m */ = {isa = PBXFileReference; lastKnownFileType = sourcecode.c.objc; path = AppDelegate.m; sourceTree = "<group>"; };
		F171387B22D722DF00CA0A7E /* ViewController.h */ = {isa = PBXFileReference; lastKnownFileType = sourcecode.c.h; path = ViewController.h; sourceTree = "<group>"; };
		F171387C22D722DF00CA0A7E /* ViewController.m */ = {isa = PBXFileReference; lastKnownFileType = sourcecode.c.objc; path = ViewController.m; sourceTree = "<group>"; };
		F171387F22D722DF00CA0A7E /* Base */ = {isa = PBXFileReference; lastKnownFileType = file.storyboard; name = Base; path = Base.lproj/Main.storyboard; sourceTree = "<group>"; };
		F171388122D722E000CA0A7E /* Assets.xcassets */ = {isa = PBXFileReference; lastKnownFileType = folder.assetcatalog; path = Assets.xcassets; sourceTree = "<group>"; };
		F171388422D722E000CA0A7E /* Base */ = {isa = PBXFileReference; lastKnownFileType = file.storyboard; name = Base; path = Base.lproj/LaunchScreen.storyboard; sourceTree = "<group>"; };
		F171388622D722E000CA0A7E /* Info.plist */ = {isa = PBXFileReference; lastKnownFileType = text.plist.xml; path = Info.plist; sourceTree = "<group>"; };
		F171388722D722E000CA0A7E /* main.m */ = {isa = PBXFileReference; lastKnownFileType = sourcecode.c.objc; path = main.m; sourceTree = "<group>"; };
		F171388D22D722E000CA0A7E /* XBBannerViewDemoTests.xctest */ = {isa = PBXFileReference; explicitFileType = wrapper.cfbundle; includeInIndex = 0; path = XBBannerViewDemoTests.xctest; sourceTree = BUILT_PRODUCTS_DIR; };
		F171389122D722E000CA0A7E /* XBBannerViewDemoTests.m */ = {isa = PBXFileReference; lastKnownFileType = sourcecode.c.objc; path = XBBannerViewDemoTests.m; sourceTree = "<group>"; };
		F171389322D722E000CA0A7E /* Info.plist */ = {isa = PBXFileReference; lastKnownFileType = text.plist.xml; path = Info.plist; sourceTree = "<group>"; };
		F171389822D722E000CA0A7E /* XBBannerViewDemoUITests.xctest */ = {isa = PBXFileReference; explicitFileType = wrapper.cfbundle; includeInIndex = 0; path = XBBannerViewDemoUITests.xctest; sourceTree = BUILT_PRODUCTS_DIR; };
		F171389C22D722E000CA0A7E /* XBBannerViewDemoUITests.m */ = {isa = PBXFileReference; lastKnownFileType = sourcecode.c.objc; path = XBBannerViewDemoUITests.m; sourceTree = "<group>"; };
		F171389E22D722E000CA0A7E /* Info.plist */ = {isa = PBXFileReference; lastKnownFileType = text.plist.xml; path = Info.plist; sourceTree = "<group>"; };
		F17138AB22D7233100CA0A7E /* XBBannerViewCell.m */ = {isa = PBXFileReference; fileEncoding = 4; lastKnownFileType = sourcecode.c.objc; path = XBBannerViewCell.m; sourceTree = "<group>"; };
		F17138AC22D7233100CA0A7E /* XBBannerView.h */ = {isa = PBXFileReference; fileEncoding = 4; lastKnownFileType = sourcecode.c.h; path = XBBannerView.h; sourceTree = "<group>"; };
		F17138AD22D7233100CA0A7E /* XBBannerViewCell.h */ = {isa = PBXFileReference; fileEncoding = 4; lastKnownFileType = sourcecode.c.h; path = XBBannerViewCell.h; sourceTree = "<group>"; };
		F17138AE22D7233100CA0A7E /* XBBannerView.m */ = {isa = PBXFileReference; fileEncoding = 4; lastKnownFileType = sourcecode.c.objc; path = XBBannerView.m; sourceTree = "<group>"; };
/* End PBXFileReference section */

/* Begin PBXFrameworksBuildPhase section */
		F171387222D722DF00CA0A7E /* Frameworks */ = {
			isa = PBXFrameworksBuildPhase;
			buildActionMask = 2147483647;
			files = (
				D713AABC95E167F18FA8B6E8 /* libPods-XBBannerViewDemo.a in Frameworks */,
			);
			runOnlyForDeploymentPostprocessing = 0;
		};
		F171388A22D722E000CA0A7E /* Frameworks */ = {
			isa = PBXFrameworksBuildPhase;
			buildActionMask = 2147483647;
			files = (
				ECF199234A591638D3873AFA /* libPods-XBBannerViewDemoTests.a in Frameworks */,
			);
			runOnlyForDeploymentPostprocessing = 0;
		};
		F171389522D722E000CA0A7E /* Frameworks */ = {
			isa = PBXFrameworksBuildPhase;
			buildActionMask = 2147483647;
			files = (
				DB5E394E52470DBB10D50BFD /* libPods-XBBannerViewDemoUITests.a in Frameworks */,
			);
			runOnlyForDeploymentPostprocessing = 0;
		};
/* End PBXFrameworksBuildPhase section */

/* Begin PBXGroup section */
		579F4DD45703266BADD2ACA6 /* Pods */ = {
			isa = PBXGroup;
			children = (
				3CE1E3AAEA286D60BE456CB2 /* Pods-XBBannerViewDemo.debug.xcconfig */,
				4346D7911D98B7C0FB6D9134 /* Pods-XBBannerViewDemo.release.xcconfig */,
				20C30948D9185F603A9BB1DD /* Pods-XBBannerViewDemoTests.debug.xcconfig */,
				888FE53A5419FA5230BC9BC6 /* Pods-XBBannerViewDemoTests.release.xcconfig */,
				EB085E27DF17A6762AE42E06 /* Pods-XBBannerViewDemoUITests.debug.xcconfig */,
				D83DC08AF27B1ED76444D59E /* Pods-XBBannerViewDemoUITests.release.xcconfig */,
			);
			name = Pods;
			path = Pods;
			sourceTree = "<group>";
		};
		79C1BCFD2D4810AD0D73FEFF /* Frameworks */ = {
			isa = PBXGroup;
			children = (
				C247281844A0977DE62A4A17 /* libPods-XBBannerViewDemo.a */,
				B3252E2D2F7E44CC7F4CA43A /* libPods-XBBannerViewDemoTests.a */,
				778803BC25109802B68ED948 /* libPods-XBBannerViewDemoUITests.a */,
			);
			name = Frameworks;
			sourceTree = "<group>";
		};
		F171386C22D722DF00CA0A7E = {
			isa = PBXGroup;
			children = (
				F171387722D722DF00CA0A7E /* XBBannerViewDemo */,
				F171389022D722E000CA0A7E /* XBBannerViewDemoTests */,
				F171389B22D722E000CA0A7E /* XBBannerViewDemoUITests */,
				F171387622D722DF00CA0A7E /* Products */,
				579F4DD45703266BADD2ACA6 /* Pods */,
				79C1BCFD2D4810AD0D73FEFF /* Frameworks */,
			);
			sourceTree = "<group>";
		};
		F171387622D722DF00CA0A7E /* Products */ = {
			isa = PBXGroup;
			children = (
				F171387522D722DF00CA0A7E /* XBBannerViewDemo.app */,
				F171388D22D722E000CA0A7E /* XBBannerViewDemoTests.xctest */,
				F171389822D722E000CA0A7E /* XBBannerViewDemoUITests.xctest */,
			);
			name = Products;
			sourceTree = "<group>";
		};
		F171387722D722DF00CA0A7E /* XBBannerViewDemo */ = {
			isa = PBXGroup;
			children = (
				F17138AA22D7233100CA0A7E /* XBBannerView */,
				F171387822D722DF00CA0A7E /* AppDelegate.h */,
				F171387922D722DF00CA0A7E /* AppDelegate.m */,
				F171387B22D722DF00CA0A7E /* ViewController.h */,
				F171387C22D722DF00CA0A7E /* ViewController.m */,
				F171387E22D722DF00CA0A7E /* Main.storyboard */,
				F171388122D722E000CA0A7E /* Assets.xcassets */,
				F171388322D722E000CA0A7E /* LaunchScreen.storyboard */,
				F171388622D722E000CA0A7E /* Info.plist */,
				F171388722D722E000CA0A7E /* main.m */,
			);
			path = XBBannerViewDemo;
			sourceTree = "<group>";
		};
		F171389022D722E000CA0A7E /* XBBannerViewDemoTests */ = {
			isa = PBXGroup;
			children = (
				F171389122D722E000CA0A7E /* XBBannerViewDemoTests.m */,
				F171389322D722E000CA0A7E /* Info.plist */,
			);
			path = XBBannerViewDemoTests;
			sourceTree = "<group>";
		};
		F171389B22D722E000CA0A7E /* XBBannerViewDemoUITests */ = {
			isa = PBXGroup;
			children = (
				F171389C22D722E000CA0A7E /* XBBannerViewDemoUITests.m */,
				F171389E22D722E000CA0A7E /* Info.plist */,
			);
			path = XBBannerViewDemoUITests;
			sourceTree = "<group>";
		};
		F17138AA22D7233100CA0A7E /* XBBannerView */ = {
			isa = PBXGroup;
			children = (
				F17138AB22D7233100CA0A7E /* XBBannerViewCell.m */,
				F17138AC22D7233100CA0A7E /* XBBannerView.h */,
				F17138AD22D7233100CA0A7E /* XBBannerViewCell.h */,
				F17138AE22D7233100CA0A7E /* XBBannerView.m */,
			);
			name = XBBannerView;
			path = ../../XBBannerView;
			sourceTree = "<group>";
		};
/* End PBXGroup section */

/* Begin PBXNativeTarget section */
		F171387422D722DF00CA0A7E /* XBBannerViewDemo */ = {
			isa = PBXNativeTarget;
			buildConfigurationList = F17138A122D722E000CA0A7E /* Build configuration list for PBXNativeTarget "XBBannerViewDemo" */;
			buildPhases = (
				A766EEDC328871AE8BE55CEE /* [CP] Check Pods Manifest.lock */,
				F171387122D722DF00CA0A7E /* Sources */,
				F171387222D722DF00CA0A7E /* Frameworks */,
				F171387322D722DF00CA0A7E /* Resources */,
			);
			buildRules = (
			);
			dependencies = (
			);
			name = XBBannerViewDemo;
			productName = XBBannerViewDemo;
			productReference = F171387522D722DF00CA0A7E /* XBBannerViewDemo.app */;
			productType = "com.apple.product-type.application";
		};
		F171388C22D722E000CA0A7E /* XBBannerViewDemoTests */ = {
			isa = PBXNativeTarget;
			buildConfigurationList = F17138A422D722E000CA0A7E /* Build configuration list for PBXNativeTarget "XBBannerViewDemoTests" */;
			buildPhases = (
				F651801EB16D6340B70FD695 /* [CP] Check Pods Manifest.lock */,
				F171388922D722E000CA0A7E /* Sources */,
				F171388A22D722E000CA0A7E /* Frameworks */,
				F171388B22D722E000CA0A7E /* Resources */,
			);
			buildRules = (
			);
			dependencies = (
				F171388F22D722E000CA0A7E /* PBXTargetDependency */,
			);
			name = XBBannerViewDemoTests;
			productName = XBBannerViewDemoTests;
			productReference = F171388D22D722E000CA0A7E /* XBBannerViewDemoTests.xctest */;
			productType = "com.apple.product-type.bundle.unit-test";
		};
		F171389722D722E000CA0A7E /* XBBannerViewDemoUITests */ = {
			isa = PBXNativeTarget;
			buildConfigurationList = F17138A722D722E000CA0A7E /* Build configuration list for PBXNativeTarget "XBBannerViewDemoUITests" */;
			buildPhases = (
				E67D65C4E6EADA2FE1C202C6 /* [CP] Check Pods Manifest.lock */,
				F171389422D722E000CA0A7E /* Sources */,
				F171389522D722E000CA0A7E /* Frameworks */,
				F171389622D722E000CA0A7E /* Resources */,
			);
			buildRules = (
			);
			dependencies = (
				F171389A22D722E000CA0A7E /* PBXTargetDependency */,
			);
			name = XBBannerViewDemoUITests;
			productName = XBBannerViewDemoUITests;
			productReference = F171389822D722E000CA0A7E /* XBBannerViewDemoUITests.xctest */;
			productType = "com.apple.product-type.bundle.ui-testing";
		};
/* End PBXNativeTarget section */

/* Begin PBXProject section */
		F171386D22D722DF00CA0A7E /* Project object */ = {
			isa = PBXProject;
			attributes = {
				LastUpgradeCheck = 1010;
				ORGANIZATIONNAME = xxb;
				TargetAttributes = {
					F171387422D722DF00CA0A7E = {
						CreatedOnToolsVersion = 10.1;
					};
					F171388C22D722E000CA0A7E = {
						CreatedOnToolsVersion = 10.1;
						TestTargetID = F171387422D722DF00CA0A7E;
					};
					F171389722D722E000CA0A7E = {
						CreatedOnToolsVersion = 10.1;
						TestTargetID = F171387422D722DF00CA0A7E;
					};
				};
			};
			buildConfigurationList = F171387022D722DF00CA0A7E /* Build configuration list for PBXProject "XBBannerViewDemo" */;
			compatibilityVersion = "Xcode 9.3";
			developmentRegion = en;
			hasScannedForEncodings = 0;
			knownRegions = (
				en,
				Base,
			);
			mainGroup = F171386C22D722DF00CA0A7E;
			productRefGroup = F171387622D722DF00CA0A7E /* Products */;
			projectDirPath = "";
			projectRoot = "";
			targets = (
				F171387422D722DF00CA0A7E /* XBBannerViewDemo */,
				F171388C22D722E000CA0A7E /* XBBannerViewDemoTests */,
				F171389722D722E000CA0A7E /* XBBannerViewDemoUITests */,
			);
		};
/* End PBXProject section */

/* Begin PBXResourcesBuildPhase section */
		F171387322D722DF00CA0A7E /* Resources */ = {
			isa = PBXResourcesBuildPhase;
			buildActionMask = 2147483647;
			files = (
				F171388522D722E000CA0A7E /* LaunchScreen.storyboard in Resources */,
				F171388222D722E000CA0A7E /* Assets.xcassets in Resources */,
				F171388022D722DF00CA0A7E /* Main.storyboard in Resources */,
			);
			runOnlyForDeploymentPostprocessing = 0;
		};
		F171388B22D722E000CA0A7E /* Resources */ = {
			isa = PBXResourcesBuildPhase;
			buildActionMask = 2147483647;
			files = (
			);
			runOnlyForDeploymentPostprocessing = 0;
		};
		F171389622D722E000CA0A7E /* Resources */ = {
			isa = PBXResourcesBuildPhase;
			buildActionMask = 2147483647;
			files = (
			);
			runOnlyForDeploymentPostprocessing = 0;
		};
/* End PBXResourcesBuildPhase section */

/* Begin PBXShellScriptBuildPhase section */
		A766EEDC328871AE8BE55CEE /* [CP] Check Pods Manifest.lock */ = {
			isa = PBXShellScriptBuildPhase;
			buildActionMask = 2147483647;
			files = (
			);
			inputFileListPaths = (
			);
			inputPaths = (
				"${PODS_PODFILE_DIR_PATH}/Podfile.lock",
				"${PODS_ROOT}/Manifest.lock",
			);
			name = "[CP] Check Pods Manifest.lock";
			outputFileListPaths = (
			);
			outputPaths = (
				"$(DERIVED_FILE_DIR)/Pods-XBBannerViewDemo-checkManifestLockResult.txt",
			);
			runOnlyForDeploymentPostprocessing = 0;
			shellPath = /bin/sh;
			shellScript = "diff \"${PODS_PODFILE_DIR_PATH}/Podfile.lock\" \"${PODS_ROOT}/Manifest.lock\" > /dev/null\nif [ $? != 0 ] ; then\n    # print error to STDERR\n    echo \"error: The sandbox is not in sync with the Podfile.lock. Run 'pod install' or update your CocoaPods installation.\" >&2\n    exit 1\nfi\n# This output is used by Xcode 'outputs' to avoid re-running this script phase.\necho \"SUCCESS\" > \"${SCRIPT_OUTPUT_FILE_0}\"\n";
			showEnvVarsInLog = 0;
		};
		E67D65C4E6EADA2FE1C202C6 /* [CP] Check Pods Manifest.lock */ = {
			isa = PBXShellScriptBuildPhase;
			buildActionMask = 2147483647;
			files = (
			);
			inputFileListPaths = (
			);
			inputPaths = (
				"${PODS_PODFILE_DIR_PATH}/Podfile.lock",
				"${PODS_ROOT}/Manifest.lock",
			);
			name = "[CP] Check Pods Manifest.lock";
			outputFileListPaths = (
			);
			outputPaths = (
				"$(DERIVED_FILE_DIR)/Pods-XBBannerViewDemoUITests-checkManifestLockResult.txt",
			);
			runOnlyForDeploymentPostprocessing = 0;
			shellPath = /bin/sh;
			shellScript = "diff \"${PODS_PODFILE_DIR_PATH}/Podfile.lock\" \"${PODS_ROOT}/Manifest.lock\" > /dev/null\nif [ $? != 0 ] ; then\n    # print error to STDERR\n    echo \"error: The sandbox is not in sync with the Podfile.lock. Run 'pod install' or update your CocoaPods installation.\" >&2\n    exit 1\nfi\n# This output is used by Xcode 'outputs' to avoid re-running this script phase.\necho \"SUCCESS\" > \"${SCRIPT_OUTPUT_FILE_0}\"\n";
			showEnvVarsInLog = 0;
		};
		F651801EB16D6340B70FD695 /* [CP] Check Pods Manifest.lock */ = {
			isa = PBXShellScriptBuildPhase;
			buildActionMask = 2147483647;
			files = (
			);
			inputFileListPaths = (
			);
			inputPaths = (
				"${PODS_PODFILE_DIR_PATH}/Podfile.lock",
				"${PODS_ROOT}/Manifest.lock",
			);
			name = "[CP] Check Pods Manifest.lock";
			outputFileListPaths = (
			);
			outputPaths = (
				"$(DERIVED_FILE_DIR)/Pods-XBBannerViewDemoTests-checkManifestLockResult.txt",
			);
			runOnlyForDeploymentPostprocessing = 0;
			shellPath = /bin/sh;
			shellScript = "diff \"${PODS_PODFILE_DIR_PATH}/Podfile.lock\" \"${PODS_ROOT}/Manifest.lock\" > /dev/null\nif [ $? != 0 ] ; then\n    # print error to STDERR\n    echo \"error: The sandbox is not in sync with the Podfile.lock. Run 'pod install' or update your CocoaPods installation.\" >&2\n    exit 1\nfi\n# This output is used by Xcode 'outputs' to avoid re-running this script phase.\necho \"SUCCESS\" > \"${SCRIPT_OUTPUT_FILE_0}\"\n";
			showEnvVarsInLog = 0;
		};
/* End PBXShellScriptBuildPhase section */

/* Begin PBXSourcesBuildPhase section */
		F171387122D722DF00CA0A7E /* Sources */ = {
			isa = PBXSourcesBuildPhase;
			buildActionMask = 2147483647;
			files = (
				F17138AF22D7233100CA0A7E /* XBBannerViewCell.m in Sources */,
				F171387D22D722DF00CA0A7E /* ViewController.m in Sources */,
				F171388822D722E000CA0A7E /* main.m in Sources */,
				F171387A22D722DF00CA0A7E /* AppDelegate.m in Sources */,
				F17138B022D7233100CA0A7E /* XBBannerView.m in Sources */,
			);
			runOnlyForDeploymentPostprocessing = 0;
		};
		F171388922D722E000CA0A7E /* Sources */ = {
			isa = PBXSourcesBuildPhase;
			buildActionMask = 2147483647;
			files = (
				F171389222D722E000CA0A7E /* XBBannerViewDemoTests.m in Sources */,
			);
			runOnlyForDeploymentPostprocessing = 0;
		};
		F171389422D722E000CA0A7E /* Sources */ = {
			isa = PBXSourcesBuildPhase;
			buildActionMask = 2147483647;
			files = (
				F171389D22D722E000CA0A7E /* XBBannerViewDemoUITests.m in Sources */,
			);
			runOnlyForDeploymentPostprocessing = 0;
		};
/* End PBXSourcesBuildPhase section */

/* Begin PBXTargetDependency section */
		F171388F22D722E000CA0A7E /* PBXTargetDependency */ = {
			isa = PBXTargetDependency;
			target = F171387422D722DF00CA0A7E /* XBBannerViewDemo */;
			targetProxy = F171388E22D722E000CA0A7E /* PBXContainerItemProxy */;
		};
		F171389A22D722E000CA0A7E /* PBXTargetDependency */ = {
			isa = PBXTargetDependency;
			target = F171387422D722DF00CA0A7E /* XBBannerViewDemo */;
			targetProxy = F171389922D722E000CA0A7E /* PBXContainerItemProxy */;
		};
/* End PBXTargetDependency section */

/* Begin PBXVariantGroup section */
		F171387E22D722DF00CA0A7E /* Main.storyboard */ = {
			isa = PBXVariantGroup;
			children = (
				F171387F22D722DF00CA0A7E /* Base */,
			);
			name = Main.storyboard;
			sourceTree = "<group>";
		};
		F171388322D722E000CA0A7E /* LaunchScreen.storyboard */ = {
			isa = PBXVariantGroup;
			children = (
				F171388422D722E000CA0A7E /* Base */,
			);
			name = LaunchScreen.storyboard;
			sourceTree = "<group>";
		};
/* End PBXVariantGroup section */

/* Begin XCBuildConfiguration section */
		F171389F22D722E000CA0A7E /* Debug */ = {
			isa = XCBuildConfiguration;
			buildSettings = {
				ALWAYS_SEARCH_USER_PATHS = NO;
				CLANG_ANALYZER_NONNULL = YES;
				CLANG_ANALYZER_NUMBER_OBJECT_CONVERSION = YES_AGGRESSIVE;
				CLANG_CXX_LANGUAGE_STANDARD = "gnu++14";
				CLANG_CXX_LIBRARY = "libc++";
				CLANG_ENABLE_MODULES = YES;
				CLANG_ENABLE_OBJC_ARC = YES;
				CLANG_ENABLE_OBJC_WEAK = YES;
				CLANG_WARN_BLOCK_CAPTURE_AUTORELEASING = YES;
				CLANG_WARN_BOOL_CONVERSION = YES;
				CLANG_WARN_COMMA = YES;
				CLANG_WARN_CONSTANT_CONVERSION = YES;
				CLANG_WARN_DEPRECATED_OBJC_IMPLEMENTATIONS = YES;
				CLANG_WARN_DIRECT_OBJC_ISA_USAGE = YES_ERROR;
				CLANG_WARN_DOCUMENTATION_COMMENTS = YES;
				CLANG_WARN_EMPTY_BODY = YES;
				CLANG_WARN_ENUM_CONVERSION = YES;
				CLANG_WARN_INFINITE_RECURSION = YES;
				CLANG_WARN_INT_CONVERSION = YES;
				CLANG_WARN_NON_LITERAL_NULL_CONVERSION = YES;
				CLANG_WARN_OBJC_IMPLICIT_RETAIN_SELF = YES;
				CLANG_WARN_OBJC_LITERAL_CONVERSION = YES;
				CLANG_WARN_OBJC_ROOT_CLASS = YES_ERROR;
				CLANG_WARN_RANGE_LOOP_ANALYSIS = YES;
				CLANG_WARN_STRICT_PROTOTYPES = YES;
				CLANG_WARN_SUSPICIOUS_MOVE = YES;
				CLANG_WARN_UNGUARDED_AVAILABILITY = YES_AGGRESSIVE;
				CLANG_WARN_UNREACHABLE_CODE = YES;
				CLANG_WARN__DUPLICATE_METHOD_MATCH = YES;
				CODE_SIGN_IDENTITY = "iPhone Developer";
				COPY_PHASE_STRIP = NO;
				DEBUG_INFORMATION_FORMAT = dwarf;
				ENABLE_STRICT_OBJC_MSGSEND = YES;
				ENABLE_TESTABILITY = YES;
				GCC_C_LANGUAGE_STANDARD = gnu11;
				GCC_DYNAMIC_NO_PIC = NO;
				GCC_NO_COMMON_BLOCKS = YES;
				GCC_OPTIMIZATION_LEVEL = 0;
				GCC_PREPROCESSOR_DEFINITIONS = (
					"DEBUG=1",
					"$(inherited)",
				);
				GCC_WARN_64_TO_32_BIT_CONVERSION = YES;
				GCC_WARN_ABOUT_RETURN_TYPE = YES_ERROR;
				GCC_WARN_UNDECLARED_SELECTOR = YES;
				GCC_WARN_UNINITIALIZED_AUTOS = YES_AGGRESSIVE;
				GCC_WARN_UNUSED_FUNCTION = YES;
				GCC_WARN_UNUSED_VARIABLE = YES;
				IPHONEOS_DEPLOYMENT_TARGET = 12.1;
				MTL_ENABLE_DEBUG_INFO = INCLUDE_SOURCE;
				MTL_FAST_MATH = YES;
				ONLY_ACTIVE_ARCH = YES;
				SDKROOT = iphoneos;
			};
			name = Debug;
		};
		F17138A022D722E000CA0A7E /* Release */ = {
			isa = XCBuildConfiguration;
			buildSettings = {
				ALWAYS_SEARCH_USER_PATHS = NO;
				CLANG_ANALYZER_NONNULL = YES;
				CLANG_ANALYZER_NUMBER_OBJECT_CONVERSION = YES_AGGRESSIVE;
				CLANG_CXX_LANGUAGE_STANDARD = "gnu++14";
				CLANG_CXX_LIBRARY = "libc++";
				CLANG_ENABLE_MODULES = YES;
				CLANG_ENABLE_OBJC_ARC = YES;
				CLANG_ENABLE_OBJC_WEAK = YES;
				CLANG_WARN_BLOCK_CAPTURE_AUTORELEASING = YES;
				CLANG_WARN_BOOL_CONVERSION = YES;
				CLANG_WARN_COMMA = YES;
				CLANG_WARN_CONSTANT_CONVERSION = YES;
				CLANG_WARN_DEPRECATED_OBJC_IMPLEMENTATIONS = YES;
				CLANG_WARN_DIRECT_OBJC_ISA_USAGE = YES_ERROR;
				CLANG_WARN_DOCUMENTATION_COMMENTS = YES;
				CLANG_WARN_EMPTY_BODY = YES;
				CLANG_WARN_ENUM_CONVERSION = YES;
				CLANG_WARN_INFINITE_RECURSION = YES;
				CLANG_WARN_INT_CONVERSION = YES;
				CLANG_WARN_NON_LITERAL_NULL_CONVERSION = YES;
				CLANG_WARN_OBJC_IMPLICIT_RETAIN_SELF = YES;
				CLANG_WARN_OBJC_LITERAL_CONVERSION = YES;
				CLANG_WARN_OBJC_ROOT_CLASS = YES_ERROR;
				CLANG_WARN_RANGE_LOOP_ANALYSIS = YES;
				CLANG_WARN_STRICT_PROTOTYPES = YES;
				CLANG_WARN_SUSPICIOUS_MOVE = YES;
				CLANG_WARN_UNGUARDED_AVAILABILITY = YES_AGGRESSIVE;
				CLANG_WARN_UNREACHABLE_CODE = YES;
				CLANG_WARN__DUPLICATE_METHOD_MATCH = YES;
				CODE_SIGN_IDENTITY = "iPhone Developer";
				COPY_PHASE_STRIP = NO;
				DEBUG_INFORMATION_FORMAT = "dwarf-with-dsym";
				ENABLE_NS_ASSERTIONS = NO;
				ENABLE_STRICT_OBJC_MSGSEND = YES;
				GCC_C_LANGUAGE_STANDARD = gnu11;
				GCC_NO_COMMON_BLOCKS = YES;
				GCC_WARN_64_TO_32_BIT_CONVERSION = YES;
				GCC_WARN_ABOUT_RETURN_TYPE = YES_ERROR;
				GCC_WARN_UNDECLARED_SELECTOR = YES;
				GCC_WARN_UNINITIALIZED_AUTOS = YES_AGGRESSIVE;
				GCC_WARN_UNUSED_FUNCTION = YES;
				GCC_WARN_UNUSED_VARIABLE = YES;
				IPHONEOS_DEPLOYMENT_TARGET = 12.1;
				MTL_ENABLE_DEBUG_INFO = NO;
				MTL_FAST_MATH = YES;
				SDKROOT = iphoneos;
				VALIDATE_PRODUCT = YES;
			};
			name = Release;
		};
		F17138A222D722E000CA0A7E /* Debug */ = {
			isa = XCBuildConfiguration;
			baseConfigurationReference = 3CE1E3AAEA286D60BE456CB2 /* Pods-XBBannerViewDemo.debug.xcconfig */;
			buildSettings = {
				ASSETCATALOG_COMPILER_APPICON_NAME = AppIcon;
				CODE_SIGN_STYLE = Automatic;
				DEVELOPMENT_TEAM = RC2BP8QGY9;
				INFOPLIST_FILE = XBBannerViewDemo/Info.plist;
				LD_RUNPATH_SEARCH_PATHS = (
					"$(inherited)",
					"@executable_path/Frameworks",
				);
				PRODUCT_BUNDLE_IDENTIFIER = com.xxb.study;
				PRODUCT_NAME = "$(TARGET_NAME)";
				TARGETED_DEVICE_FAMILY = "1,2";
			};
			name = Debug;
		};
		F17138A322D722E000CA0A7E /* Release */ = {
			isa = XCBuildConfiguration;
			baseConfigurationReference = 4346D7911D98B7C0FB6D9134 /* Pods-XBBannerViewDemo.release.xcconfig */;
			buildSettings = {
				ASSETCATALOG_COMPILER_APPICON_NAME = AppIcon;
				CODE_SIGN_STYLE = Automatic;
				DEVELOPMENT_TEAM = RC2BP8QGY9;
				INFOPLIST_FILE = XBBannerViewDemo/Info.plist;
				LD_RUNPATH_SEARCH_PATHS = (
					"$(inherited)",
					"@executable_path/Frameworks",
				);
				PRODUCT_BUNDLE_IDENTIFIER = com.xxb.study;
				PRODUCT_NAME = "$(TARGET_NAME)";
				TARGETED_DEVICE_FAMILY = "1,2";
			};
			name = Release;
		};
		F17138A522D722E000CA0A7E /* Debug */ = {
			isa = XCBuildConfiguration;
			baseConfigurationReference = 20C30948D9185F603A9BB1DD /* Pods-XBBannerViewDemoTests.debug.xcconfig */;
			buildSettings = {
				BUNDLE_LOADER = "$(TEST_HOST)";
				CODE_SIGN_STYLE = Automatic;
				INFOPLIST_FILE = XBBannerViewDemoTests/Info.plist;
				LD_RUNPATH_SEARCH_PATHS = (
					"$(inherited)",
					"@executable_path/Frameworks",
					"@loader_path/Frameworks",
				);
				PRODUCT_BUNDLE_IDENTIFIER = XBAnimation.XBBannerViewDemoTests;
				PRODUCT_NAME = "$(TARGET_NAME)";
				TARGETED_DEVICE_FAMILY = "1,2";
				TEST_HOST = "$(BUILT_PRODUCTS_DIR)/XBBannerViewDemo.app/XBBannerViewDemo";
			};
			name = Debug;
		};
		F17138A622D722E000CA0A7E /* Release */ = {
			isa = XCBuildConfiguration;
			baseConfigurationReference = 888FE53A5419FA5230BC9BC6 /* Pods-XBBannerViewDemoTests.release.xcconfig */;
			buildSettings = {
				BUNDLE_LOADER = "$(TEST_HOST)";
				CODE_SIGN_STYLE = Automatic;
				INFOPLIST_FILE = XBBannerViewDemoTests/Info.plist;
				LD_RUNPATH_SEARCH_PATHS = (
					"$(inherited)",
					"@executable_path/Frameworks",
					"@loader_path/Frameworks",
				);
				PRODUCT_BUNDLE_IDENTIFIER = XBAnimation.XBBannerViewDemoTests;
				PRODUCT_NAME = "$(TARGET_NAME)";
				TARGETED_DEVICE_FAMILY = "1,2";
				TEST_HOST = "$(BUILT_PRODUCTS_DIR)/XBBannerViewDemo.app/XBBannerViewDemo";
			};
			name = Release;
		};
		F17138A822D722E000CA0A7E /* Debug */ = {
			isa = XCBuildConfiguration;
			baseConfigurationReference = EB085E27DF17A6762AE42E06 /* Pods-XBBannerViewDemoUITests.debug.xcconfig */;
			buildSettings = {
				CODE_SIGN_STYLE = Automatic;
				INFOPLIST_FILE = XBBannerViewDemoUITests/Info.plist;
				LD_RUNPATH_SEARCH_PATHS = (
					"$(inherited)",
					"@executable_path/Frameworks",
					"@loader_path/Frameworks",
				);
				PRODUCT_BUNDLE_IDENTIFIER = XBAnimation.XBBannerViewDemoUITests;
				PRODUCT_NAME = "$(TARGET_NAME)";
				TARGETED_DEVICE_FAMILY = "1,2";
				TEST_TARGET_NAME = XBBannerViewDemo;
			};
			name = Debug;
		};
		F17138A922D722E000CA0A7E /* Release */ = {
			isa = XCBuildConfiguration;
			baseConfigurationReference = D83DC08AF27B1ED76444D59E /* Pods-XBBannerViewDemoUITests.release.xcconfig */;
			buildSettings = {
				CODE_SIGN_STYLE = Automatic;
				INFOPLIST_FILE = XBBannerViewDemoUITests/Info.plist;
				LD_RUNPATH_SEARCH_PATHS = (
					"$(inherited)",
					"@executable_path/Frameworks",
					"@loader_path/Frameworks",
				);
				PRODUCT_BUNDLE_IDENTIFIER = XBAnimation.XBBannerViewDemoUITests;
				PRODUCT_NAME = "$(TARGET_NAME)";
				TARGETED_DEVICE_FAMILY = "1,2";
				TEST_TARGET_NAME = XBBannerViewDemo;
			};
			name = Release;
		};
/* End XCBuildConfiguration section */

/* Begin XCConfigurationList section */
		F171387022D722DF00CA0A7E /* Build configuration list for PBXProject "XBBannerViewDemo" */ = {
			isa = XCConfigurationList;
			buildConfigurations = (
				F171389F22D722E000CA0A7E /* Debug */,
				F17138A022D722E000CA0A7E /* Release */,
			);
			defaultConfigurationIsVisible = 0;
			defaultConfigurationName = Release;
		};
		F17138A122D722E000CA0A7E /* Build configuration list for PBXNativeTarget "XBBannerViewDemo" */ = {
			isa = XCConfigurationList;
			buildConfigurations = (
				F17138A222D722E000CA0A7E /* Debug */,
				F17138A322D722E000CA0A7E /* Release */,
			);
			defaultConfigurationIsVisible = 0;
			defaultConfigurationName = Release;
		};
		F17138A422D722E000CA0A7E /* Build configuration list for PBXNativeTarget "XBBannerViewDemoTests" */ = {
			isa = XCConfigurationList;
			buildConfigurations = (
				F17138A522D722E000CA0A7E /* Debug */,
				F17138A622D722E000CA0A7E /* Release */,
			);
			defaultConfigurationIsVisible = 0;
			defaultConfigurationName = Release;
		};
		F17138A722D722E000CA0A7E /* Build configuration list for PBXNativeTarget "XBBannerViewDemoUITests" */ = {
			isa = XCConfigurationList;
			buildConfigurations = (
				F17138A822D722E000CA0A7E /* Debug */,
				F17138A922D722E000CA0A7E /* Release */,
			);
			defaultConfigurationIsVisible = 0;
			defaultConfigurationName = Release;
		};
/* End XCConfigurationList section */
	};
	rootObject = F171386D22D722DF00CA0A7E /* Project object */;
}
